version = 1
revision = 3
requires-python = ">=3.14"

[[package]]
name = "attrs"
version = "26.1.0"
source = { registry = "https://pypi.org/simple" }
sdist = { url = "https://files.pythonhosted.org/packages/9a/8e/82a0fe20a541c03148528be8cac2408564a6c9a0cc7e9171802bc1d26985/attrs-26.1.0.tar.gz", hash = "sha256:d03ceb89cb322a8fd706d4fb91940737b6642aa36998fe130a9bc96c985eff32", size = 952055, upload-time = "2026-03-19T14:22:25.026Z" }
wheels = [
    { url = "https://files.pythonhosted.org/packages/64/b4/17d4b0b2a2dc85a6df63d1157e028ed19f90d4cd97c36717afef2bc2f395/attrs-26.1.0-py3-none-any.whl", hash = "sha256:c647aa4a12dfbad9333ca4e71fe62ddc36f4e63b2d260a37a8b83d2f043ac309", size = 67548, upload-time = "2026-03-19T14:22:23.645Z" },
]

[[package]]
name = "cattrs"
version = "26.1.0"
source = { registry = "https://pypi.org/simple" }
dependencies = [
    { name = "attrs" },
    { name = "typing-extensions" },
]
sdist = { url = "https://files.pythonhosted.org/packages/a0/ec/ba18945e7d6e55a58364d9fb2e46049c1c2998b3d805f19b703f14e81057/cattrs-26.1.0.tar.gz", hash = "sha256:fa239e0f0ec0715ba34852ce813986dfed1e12117e209b816ab87401271cdd40", size = 495672, upload-time = "2026-02-18T22:15:19.406Z" }
wheels = [
    { url = "https://files.pythonhosted.org/packages/80/56/60547f7801b97c67e97491dc3d9ade9fbccbd0325058fd3dfcb2f5d98d90/cattrs-26.1.0-py3-none-any.whl", hash = "sha256:d1e0804c42639494d469d08d4f26d6b9de9b8ab26b446db7b5f8c2e97f7c3096", size = 73054, upload-time = "2026-02-18T22:15:17.958Z" },
]

[[package]]
name = "cfgv"
version = "3.5.0"
source = { registry = "https://pypi.org/simple" }
sdist = { url = "https://files.pythonhosted.org/packages/4e/b5/721b8799b04bf9afe054a3899c6cf4e880fcf8563cc71c15610242490a0c/cfgv-3.5.0.tar.gz", hash = "sha256:d5b1034354820651caa73ede66a6294d6e95c1b00acc5e9b098e917404669132", size = 7334, upload-time = "2025-11-19T20:55:51.612Z" }
wheels = [
    { url = "https://files.pythonhosted.org/packages/db/3c/33bac158f8ab7f89b2e59426d5fe2e4f63f7ed25df84c036890172b412b5/cfgv-3.5.0-py2.py3-none-any.whl", hash = "sha256:a8dc6b26ad22ff227d2634a65cb388215ce6cc96bbcc5cfde7641ae87e8dacc0", size = 7445, upload-time = "2025-11-19T20:55:50.744Z" },
]

[[package]]
name = "clang-format"
version = "22.1.5"
source = { registry = "https://pypi.org/simple" }
sdist = { url = "https://files.pythonhosted.org/packages/12/67/4195b7bf2204e77a1c6305ea976f8e5dc63e70bcb59702912adb266a102e/clang_format-22.1.5.tar.gz", hash = "sha256:94401741d1db878ee1e002e3c33305a7c8e50ff1a9b0a4b8c713690f404d535c", size = 11508, upload-time = "2026-05-06T13:12:22.996Z" }
wheels = [
    { url = "https://files.pythonhosted.org/packages/6f/f4/eef03a87fe65a666bf8a1d9cf804addd5cd26eb225d4e270f22c20d832b0/clang_format-22.1.5-py2.py3-none-macosx_10_9_x86_64.whl", hash = "sha256:a73a500dcabdac1ebc993b99f77fe61de967c7ab9c26d12d664f02def31f0464", size = 1492641, upload-time = "2026-05-06T13:11:49.939Z" },
    { url = "https://files.pythonhosted.org/packages/0f/d8/e5cfbfd7f0d29c167dda2d014bd76ee3c4169000958948c73dd270c995c4/clang_format-22.1.5-py2.py3-none-macosx_11_0_arm64.whl", hash = "sha256:47e73563e6c55b47d6800bcc52e53e66c73b1d801f775b118dcc7aab8410c36f", size = 1478953, upload-time = "2026-05-06T13:11:52.282Z" },
    { url = "https://files.pythonhosted.org/packages/d9/d5/077d5bbea3d07c494705dc0960e58150651eeb024d9f837ea3350505b1a9/clang_format-22.1.5-py2.py3-none-manylinux_2_26_aarch64.manylinux_2_28_aarch64.whl", hash = "sha256:2db8b07d54f2b9583327715267b8ae5e9852e8da23b49c1bf8dde19067ce6fbc", size = 1757816, upload-time = "2026-05-06T13:11:54.468Z" },
    { url = "https://files.pythonhosted.org/packages/ca/95/25636844c2255fa40d1e6a691c483a9c8804f0ce6903eb790f8e4d95dfa6/clang_format-22.1.5-py2.py3-none-manylinux_2_26_i686.manylinux_2_28_i686.whl", hash = "sha256:7a93aad78b03f190d8a73e5e81d6942bc0e4f449add21e62c7fad1be2cdfec03", size = 1888629, upload-time = "2026-05-06T13:11:56.31Z" },
    { url = "https://files.pythonhosted.org/packages/6f/59/8b9a1f6f4197292577dae8ff9f94c5900622c0e0a395a46cb2278e4d813a/clang_format-22.1.5-py2.py3-none-manylinux_2_26_ppc64le.manylinux_2_28_ppc64le.whl", hash = "sha256:b40d0d264003c831cda317d09db31f0ebbcddd5dc13f04af52be5664d2b8aa89", size = 2070260, upload-time = "2026-05-06T13:11:58.243Z" },
    { url = "https://files.pythonhosted.org/packages/f1/a8/f33290829eb73e1baece6d46a55d19a3d286ddee559a1955add639ceb731/clang_format-22.1.5-py2.py3-none-manylinux_2_26_s390x.manylinux_2_28_s390x.whl", hash = "sha256:a89ec86dd33f367b4e10dc1f243508709deed8576bb75a7b01c1412de47504df", size = 2101891, upload-time = "2026-05-06T13:12:00.131Z" },
    { url = "https://files.pythonhosted.org/packages/39/5e/bf1ea7a20ec3ffecda7eff98ad0f1621255e244e0f888d011a2106a04318/clang_format-22.1.5-py2.py3-none-manylinux_2_27_x86_64.manylinux_2_28_x86_64.whl", hash = "sha256:451efcd0738908b2bd4d76409b52920ef381e045eb6728f9286d2ae5f02f3ef2", size = 1841172, upload-time = "2026-05-06T13:12:02.03Z" },
    { url = "https://files.pythonhosted.org/packages/b5/5f/853664a3d7599a682b2c89cc76606b818c5c56c7741251a42004e3e76104/clang_format-22.1.5-py2.py3-none-manylinux_2_31_armv7l.whl", hash = "sha256:39af8c0b77fb05d1dc7073ee9e348d81a965a0b96c0307d07cd92bbd74c611c7", size = 1684799, upload-time = "2026-05-06T13:12:03.6Z" },
    { url = "https://files.pythonhosted.org/packages/81/0b/7eb88226eed4c6cb529878d578f888c96ad3778df30e64d3223860327a08/clang_format-22.1.5-py2.py3-none-musllinux_1_2_aarch64.whl", hash = "sha256:cbafc220a1ad3da603f0e4a469f52cf31be60da384d213727b62af0684cfd96b", size = 2735300, upload-time = "2026-05-06T13:12:05.329Z" },
    { url = "https://files.pythonhosted.org/packages/7e/82/38a8271f80861e75012c5ef63955f42ddd90cfff6a4ac09c84c055c1f4b3/clang_format-22.1.5-py2.py3-none-musllinux_1_2_armv7l.whl", hash = "sha256:4f43424bc0944402f2166337cc330f92d31d102b5a3ee31714814823ac647a67", size = 2514975, upload-time = "2026-05-06T13:12:07.458Z" },
    { url = "https://files.pythonhosted.org/packages/98/7a/2fb4e48fb9205e0b4380fe44d27d1e29141211f0fa53887e75224bf4fbe7/clang_format-22.1.5-py2.py3-none-musllinux_1_2_i686.whl", hash = "sha256:a6f700f948a0eeccdc74966a773d3f2f348ffedab4b49b10b71439f26d1b8ad2", size = 2985901, upload-time = "2026-05-06T13:12:09.317Z" },
    { url = "https://files.pythonhosted.org/packages/8c/0a/1f6cd7f0ebb8083db3098d648af3d363c35f6864159fa508d213279294b0/clang_format-22.1.5-py2.py3-none-musllinux_1_2_ppc64le.whl", hash = "sha256:f0fb5226525c846a8770b8adaba3a323261b6031a13d065d4d4c4aa0bf6dbbc4", size = 3119111, upload-time = "2026-05-06T13:12:11.445Z" },
    { url = "https://files.pythonhosted.org/packages/e3/7e/89cdc4216d8d49eeff98043bb5836eec5da805fd31aeb8f480bf4b8fa8ca/clang_format-22.1.5-py2.py3-none-musllinux_1_2_s390x.whl", hash = "sha256:86838932bcbfebdb4c900ea9e7c4dc4356a56aa75990c38065863c82c0d5e39f", size = 3217256, upload-time = "2026-05-06T13:12:13.252Z" },
    { url = "https://files.pythonhosted.org/packages/f7/eb/a1fa659d85d9b40eee594bfd2be7ddaf05e0296788ee2955473ef1e7bb38/clang_format-22.1.5-py2.py3-none-musllinux_1_2_x86_64.whl", hash = "sha256:5028f730a1acd0a2ff5fde309c3a064b2f8375caa664e57ff99c69a524d6cfd2", size = 2848433, upload-time = "2026-05-06T13:12:15.421Z" },
    { url = "https://files.pythonhosted.org/packages/c0/f7/f6c94ec536b6ada3dd23e0b49e691c80991dc5de89a5152b1ea2ed14c20b/clang_format-22.1.5-py2.py3-none-win32.whl", hash = "sha256:c1c2c4b9c9b7fba124c1b60647706ac6d4950e52830303951e7004403bb07006", size = 1299262, upload-time = "2026-05-06T13:12:17.449Z" },
    { url = "https://files.pythonhosted.org/packages/79/62/96fb942f00a39f93aeedf8ab5a16b2b42688bdc7ca7ec94714502b787c0e/clang_format-22.1.5-py2.py3-none-win_amd64.whl", hash = "sha256:0393ce061bf7bd7e7ce349fc758a05f9ce604d8653e23b47f24322fb4843074c", size = 1460369, upload-time = "2026-05-06T13:12:19.016Z" },
    { url = "https://files.pythonhosted.org/packages/ce/2d/35c5301c6d04f4babf218ad9716c061abebb8a56a1bbad167a86dfe966d3/clang_format-22.1.5-py2.py3-none-win_arm64.whl", hash = "sha256:4f5ac3b91bb5700c43cb96beb32e360a5aa6a7f94105d7900054f6496554d9b9", size = 1344987, upload-time = "2026-05-06T13:12:20.88Z" },
]

[[package]]
name = "clang-tidy"
version = "22.1.0.1"
source = { registry = "https://pypi.org/simple" }
sdist = { url = "https://files.pythonhosted.org/packages/49/10/40a7328ed7903ee52d2f23ba033fb1147b1ed2f5ccbdef893d44d639aac8/clang_tidy-22.1.0.1.tar.gz", hash = "sha256:acc00c84a8f4d17d6c07697551fae9ed549f41dd54433d842f830e1e0d15e64e", size = 11359, upload-time = "2026-03-30T09:22:22.681Z" }
wheels = [
    { url = "https://files.pythonhosted.org/packages/be/f2/3c3614a4004c4d12b5310648ba13e19342b38c32d919569f6523a136f422/clang_tidy-22.1.0.1-py2.py3-none-macosx_10_9_x86_64.whl", hash = "sha256:b84ce0e74c9d2ce486c48b2362f7a94135435deb77e88a3a162bc7dbd8a29c32", size = 30220748, upload-time = "2026-03-30T09:21:37.841Z" },
    { url = "https://files.pythonhosted.org/packages/c3/ff/a8f501f2a9dc65e698b914c65a90a4235fe08d4159ecf88036f39a3e6d66/clang_tidy-22.1.0.1-py2.py3-none-macosx_11_0_arm64.whl", hash = "sha256:6449aa689ecca34bf12159194fa82d0fe90a2766398065b00cf8743c4176bd20", size = 29312847, upload-time = "2026-03-30T09:21:41.454Z" },
    { url = "https://files.pythonhosted.org/packages/88/91/0d0d7fcc11c8d26207f4d9628032a6fc5f93c365c78a3f2224e291cfe5c6/clang_tidy-22.1.0.1-py2.py3-none-manylinux_2_26_aarch64.manylinux_2_28_aarch64.whl", hash = "sha256:f6c9fd547af8cd78961ccc42bdf4ebfa8e8ee1a7091ab1ea18f8756ac974082d", size = 40361601, upload-time = "2026-03-30T09:21:45.181Z" },
    { url = "https://files.pythonhosted.org/packages/5b/03/5019fb4b675d06058149b551133598d52b16d63799a2616bc4c11d15653f/clang_tidy-22.1.0.1-py2.py3-none-manylinux_2_27_x86_64.manylinux_2_28_x86_64.whl", hash = "sha256:147f65292ef4bc27642bc4fe7330c47ff2eb7687eedf29ce2600b202f8cd54b6", size = 42210672, upload-time = "2026-03-30T09:21:49.579Z" },
    { url = "https://files.pythonhosted.org/packages/87/18/1363b03517a6bd6dd931bba1206f2a0e7c9ac1c20877a9ac14e57e70da14/clang_tidy-22.1.0.1-py2.py3-none-manylinux_2_28_i686.whl", hash = "sha256:0ed693762a926668460bb757dfee1a3bb66645641041f5f5d0f65c3b8720f7c0", size = 47699477, upload-time = "2026-03-30T09:21:54.081Z" },
    { url = "https://files.pythonhosted.org/packages/3d/44/bff82b4e2163b7786db6af2074ed86bee9f840ff09c761d82a31afdb5ad6/clang_tidy-22.1.0.1-py2.py3-none-manylinux_2_31_armv7l.whl", hash = "sha256:d947a8f7419e56704b895343c385fc201a063e43c2f042f859ee1088987b78d9", size = 38806108, upload-time = "2026-03-30T09:21:58.465Z" },
    { url = "https://files.pythonhosted.org/packages/6b/56/6e912f4f960ead713338b777b1b680021f90ebdd04956354244569a059a9/clang_tidy-22.1.0.1-py2.py3-none-musllinux_1_2_armv7l.whl", hash = "sha256:f596bbb6295ac787f351825b36a7117762a1d82cc0bcdff25623580b7d90145b", size = 39643741, upload-time = "2026-03-30T09:22:02.799Z" },
    { url = "https://files.pythonhosted.org/packages/8e/b0/3e4c6f727b6c948d7a34afd8f974b27788aaeba22a1adc9b1bedb5129028/clang_tidy-22.1.0.1-py2.py3-none-musllinux_1_2_i686.whl", hash = "sha256:87966492e4b045961a35a65b1e8efe2e4e41bda3226860a00b3b15bd58d2b743", size = 49881724, upload-time = "2026-03-30T09:22:07.487Z" },
    { url = "https://files.pythonhosted.org/packages/99/42/d4dd4ea3d2ba9fe67aea759baea9af1ef8a0ad3879ed6dc82a073df14e3b/clang_tidy-22.1.0.1-py2.py3-none-musllinux_1_2_x86_64.whl", hash = "sha256:bac1ab448c68022d599fba92962425c87c10f2006da45f996ce8e5cc8c51401e", size = 44841619, upload-time = "2026-03-30T09:22:12.809Z" },
    { url = "https://files.pythonhosted.org/packages/e6/97/828cbb65ea46ee6a17c6869bcf91a1aa012eef1bfedbb554526868ab13c8/clang_tidy-22.1.0.1-py2.py3-none-win32.whl", hash = "sha256:9a7b3ff81098fdd9ee484f6bc861599c40b138670ebc57778afc7a8c6891d713", size = 22235387, upload-time = "2026-03-30T09:22:16.386Z" },
    { url = "https://files.pythonhosted.org/packages/f6/5b/b5e5a286ff06111158f769892c56bf811806bd4d4d5aba93960b9c835e31/clang_tidy-22.1.0.1-py2.py3-none-win_amd64.whl", hash = "sha256:e9f1e762afe3f5f3511ca7f50132d4d6d5c58a3f6760089ed45d2b3506cf7d07", size = 25140458, upload-time = "2026-03-30T09:22:20.31Z" },
]

[[package]]
name = "clangd-tidy"
version = "1.1.1"
source = { registry = "https://pypi.org/simple" }
dependencies = [
    { name = "attrs" },
    { name = "cattrs" },
    { name = "typing-extensions" },
]
sdist = { url = "https://files.pythonhosted.org/packages/41/34/9ed0852f40ddf0a4aaf4cad23756064ad48141e12dff178d49007194f432/clangd_tidy-1.1.1.tar.gz", hash = "sha256:d470b46a9ed6a24a0202588d23e1f892d8f15db3572ed6690c0679439795a1c8", size = 23898, upload-time = "2026-02-09T03:58:09.883Z" }
wheels = [
    { url = "https://files.pythonhosted.org/packages/e8/95/33a9adb7bf48f8863e278aa3efae3d1aca9dad8a7038f9fa477ec9d1c02e/clangd_tidy-1.1.1-py3-none-any.whl", hash = "sha256:305883501ead9fe20d5db39a5de5a18646c886bee37d2c88bee7a52e898c6c4a", size = 21759, upload-time = "2026-02-09T03:58:08.37Z" },
]

[[package]]
name = "distlib"
version = "0.4.0"
source = { registry = "https://pypi.org/simple" }
sdist = { url = "https://files.pythonhosted.org/packages/96/8e/709914eb2b5749865801041647dc7f4e6d00b549cfe88b65ca192995f07c/distlib-0.4.0.tar.gz", hash = "sha256:feec40075be03a04501a973d81f633735b4b69f98b05450592310c0f401a4e0d", size = 614605, upload-time = "2025-07-17T16:52:00.465Z" }
wheels = [
    { url = "https://files.pythonhosted.org/packages/33/6b/e0547afaf41bf2c42e52430072fa5658766e3d65bd4b03a563d1b6336f57/distlib-0.4.0-py2.py3-none-any.whl", hash = "sha256:9659f7d87e46584a30b5780e43ac7a2143098441670ff0a49d5f9034c54a6c16", size = 469047, upload-time = "2025-07-17T16:51:58.613Z" },
]

[[package]]
name = "filelock"
version = "3.29.0"
source = { registry = "https://pypi.org/simple" }
sdist = { url = "https://files.pythonhosted.org/packages/b5/fe/997687a931ab51049acce6fa1f23e8f01216374ea81374ddee763c493db5/filelock-3.29.0.tar.gz", hash = "sha256:69974355e960702e789734cb4871f884ea6fe50bd8404051a3530bc07809cf90", size = 57571, upload-time = "2026-04-19T15:39:10.068Z" }
wheels = [
    { url = "https://files.pythonhosted.org/packages/81/47/dd9a212ef6e343a6857485ffe25bba537304f1913bdbed446a23f7f592e1/filelock-3.29.0-py3-none-any.whl", hash = "sha256:96f5f6344709aa1572bbf631c640e4ebeeb519e08da902c39a001882f30ac258", size = 39812, upload-time = "2026-04-19T15:39:08.752Z" },
]

[[package]]
name = "identify"
version = "2.6.19"
source = { registry = "https://pypi.org/simple" }
sdist = { url = "https://files.pythonhosted.org/packages/52/63/51723b5f116cc04b061cb6f5a561790abf249d25931d515cd375e063e0f4/identify-2.6.19.tar.gz", hash = "sha256:6be5020c38fcb07da56c53733538a3081ea5aa70d36a156f83044bfbf9173842", size = 99567, upload-time = "2026-04-17T18:39:50.265Z" }
wheels = [
    { url = "https://files.pythonhosted.org/packages/94/84/d9273cd09688070a6523c4aee4663a8538721b2b755c4962aafae0011e72/identify-2.6.19-py2.py3-none-any.whl", hash = "sha256:20e6a87f786f768c092a721ad107fc9df0eb89347be9396cadf3f4abbd1fb78a", size = 99397, upload-time = "2026-04-17T18:39:49.221Z" },
]

[[package]]
name = "nodeenv"
version = "1.10.0"
source = { registry = "https://pypi.org/simple" }
sdist = { url = "https://files.pythonhosted.org/packages/24/bf/d1bda4f6168e0b2e9e5958945e01910052158313224ada5ce1fb2e1113b8/nodeenv-1.10.0.tar.gz", hash = "sha256:996c191ad80897d076bdfba80a41994c2b47c68e224c542b48feba42ba00f8bb", size = 55611, upload-time = "2025-12-20T14:08:54.006Z" }
wheels = [
    { url = "https://files.pythonhosted.org/packages/88/b2/d0896bdcdc8d28a7fc5717c305f1a861c26e18c05047949fb371034d98bd/nodeenv-1.10.0-py2.py3-none-any.whl", hash = "sha256:5bb13e3eed2923615535339b3c620e76779af4cb4c6a90deccc9e36b274d3827", size = 23438, upload-time = "2025-12-20T14:08:52.782Z" },
]

[[package]]
name = "platformdirs"
version = "4.9.6"
source = { registry = "https://pypi.org/simple" }
sdist = { url = "https://files.pythonhosted.org/packages/9f/4a/0883b8e3802965322523f0b200ecf33d31f10991d0401162f4b23c698b42/platformdirs-4.9.6.tar.gz", hash = "sha256:3bfa75b0ad0db84096ae777218481852c0ebc6c727b3168c1b9e0118e458cf0a", size = 29400, upload-time = "2026-04-09T00:04:10.812Z" }
wheels = [
    { url = "https://files.pythonhosted.org/packages/75/a6/a0a304dc33b49145b21f4808d763822111e67d1c3a32b524a1baf947b6e1/platformdirs-4.9.6-py3-none-any.whl", hash = "sha256:e61adb1d5e5cb3441b4b7710bea7e4c12250ca49439228cc1021c00dcfac0917", size = 21348, upload-time = "2026-04-09T00:04:09.463Z" },
]

[[package]]
name = "pre-commit"
version = "4.6.0"
source = { registry = "https://pypi.org/simple" }
dependencies = [
    { name = "cfgv" },
    { name = "identify" },
    { name = "nodeenv" },
    { name = "pyyaml" },
    { name = "virtualenv" },
]
sdist = { url = "https://files.pythonhosted.org/packages/8e/22/2de9408ac81acbb8a7d05d4cc064a152ccf33b3d480ebe0cd292153db239/pre_commit-4.6.0.tar.gz", hash = "sha256:718d2208cef53fdc38206e40524a6d4d9576d103eb16f0fec11c875e7716e9d9", size = 198525, upload-time = "2026-04-21T20:31:41.613Z" }
wheels = [
    { url = "https://files.pythonhosted.org/packages/80/6e/4b28b62ecb6aae56769c34a8ff1d661473ec1e9519e2d5f8b2c150086b26/pre_commit-4.6.0-py2.py3-none-any.whl", hash = "sha256:e2cf246f7299edcabcf15f9b0571fdce06058527f0a06535068a86d38089f29b", size = 226472, upload-time = "2026-04-21T20:31:40.092Z" },
]

[[package]]
name = "pre-commit-hooks"
version = "0.2.1"
source = { virtual = "." }
dependencies = [
    { name = "clang-format" },
    { name = "clang-tidy" },
    { name = "clangd-tidy" },
    { name = "ty" },
]

[package.dev-dependencies]
dev = [
    { name = "pre-commit" },
]

[package.metadata]
requires-dist = [
    { name = "clang-format", specifier = ">=22.1.5" },
    { name = "clang-tidy", specifier = ">=22.1.0.1" },
    { name = "clangd-tidy", specifier = ">=1.1.1" },
    { name = "ty", specifier = ">=0.0.34" },
]

[package.metadata.requires-dev]
dev = [{ name = "pre-commit", specifier = ">=4.6.0" }]

[[package]]
name = "python-discovery"
version = "1.3.0"
source = { registry = "https://pypi.org/simple" }
dependencies = [
    { name = "filelock" },
    { name = "platformdirs" },
]
sdist = { url = "https://files.pythonhosted.org/packages/ae/e0/cc5a8653e9a24f6cf84768f05064aa8ed5a83dcefd5e2a043db14a1c5f44/python_discovery-1.3.0.tar.gz", hash = "sha256:d098f1e86be5d45fe4d14bf1029294aabbd332f4321179dec85e76cddce834b0", size = 63925, upload-time = "2026-05-05T14:38:39.769Z" }
wheels = [
    { url = "https://files.pythonhosted.org/packages/30/d4/24d543ab8b8158b7f5a97113c831205f5c900c92c8762b1e7f44b7ea0405/python_discovery-1.3.0-py3-none-any.whl", hash = "sha256:441d9ced3dfce36e113beb35ca302c71c7ef06f3c0f9c227a0b9bb3bd49b9e9f", size = 33124, upload-time = "2026-05-05T14:38:38.539Z" },
]

[[package]]
name = "pyyaml"
version = "6.0.3"
source = { registry = "https://pypi.org/simple" }
sdist = { url = "https://files.pythonhosted.org/packages/05/8e/961c0007c59b8dd7729d542c61a4d537767a59645b82a0b521206e1e25c2/pyyaml-6.0.3.tar.gz", hash = "sha256:d76623373421df22fb4cf8817020cbb7ef15c725b9d5e45f17e189bfc384190f", size = 130960, upload-time = "2025-09-25T21:33:16.546Z" }
wheels = [
    { url = "https://files.pythonhosted.org/packages/9d/8c/f4bd7f6465179953d3ac9bc44ac1a8a3e6122cf8ada906b4f96c60172d43/pyyaml-6.0.3-cp314-cp314-macosx_10_13_x86_64.whl", hash = "sha256:8d1fab6bb153a416f9aeb4b8763bc0f22a5586065f86f7664fc23339fc1c1fac", size = 181814, upload-time = "2025-09-25T21:32:35.712Z" },
    { url = "https://files.pythonhosted.org/packages/bd/9c/4d95bb87eb2063d20db7b60faa3840c1b18025517ae857371c4dd55a6b3a/pyyaml-6.0.3-cp314-cp314-macosx_11_0_arm64.whl", hash = "sha256:34d5fcd24b8445fadc33f9cf348c1047101756fd760b4dacb5c3e99755703310", size = 173809, upload-time = "2025-09-25T21:32:36.789Z" },
    { url = "https://files.pythonhosted.org/packages/92/b5/47e807c2623074914e29dabd16cbbdd4bf5e9b2db9f8090fa64411fc5382/pyyaml-6.0.3-cp314-cp314-manylinux2014_aarch64.manylinux_2_17_aarch64.manylinux_2_28_aarch64.whl", hash = "sha256:501a031947e3a9025ed4405a168e6ef5ae3126c59f90ce0cd6f2bfc477be31b7", size = 766454, upload-time = "2025-09-25T21:32:37.966Z" },
    { url = "https://files.pythonhosted.org/packages/02/9e/e5e9b168be58564121efb3de6859c452fccde0ab093d8438905899a3a483/pyyaml-6.0.3-cp314-cp314-manylinux2014_s390x.manylinux_2_17_s390x.manylinux_2_28_s390x.whl", hash = "sha256:b3bc83488de33889877a0f2543ade9f70c67d66d9ebb4ac959502e12de895788", size = 836355, upload-time = "2025-09-25T21:32:39.178Z" },
    { url = "https://files.pythonhosted.org/packages/88/f9/16491d7ed2a919954993e48aa941b200f38040928474c9e85ea9e64222c3/pyyaml-6.0.3-cp314-cp314-manylinux2014_x86_64.manylinux_2_17_x86_64.manylinux_2_28_x86_64.whl", hash = "sha256:c458b6d084f9b935061bc36216e8a69a7e293a2f1e68bf956dcd9e6cbcd143f5", size = 794175, upload-time = "2025-09-25T21:32:40.865Z" },
    { url = "https://files.pythonhosted.org/packages/dd/3f/5989debef34dc6397317802b527dbbafb2b4760878a53d4166579111411e/pyyaml-6.0.3-cp314-cp314-musllinux_1_2_aarch64.whl", hash = "sha256:7c6610def4f163542a622a73fb39f534f8c101d690126992300bf3207eab9764", size = 755228, upload-time = "2025-09-25T21:32:42.084Z" },
    { url = "https://files.pythonhosted.org/packages/d7/ce/af88a49043cd2e265be63d083fc75b27b6ed062f5f9fd6cdc223ad62f03e/pyyaml-6.0.3-cp314-cp314-musllinux_1_2_x86_64.whl", hash = "sha256:5190d403f121660ce8d1d2c1bb2ef1bd05b5f68533fc5c2ea899bd15f4399b35", size = 789194, upload-time = "2025-09-25T21:32:43.362Z" },
    { url = "https://files.pythonhosted.org/packages/23/20/bb6982b26a40bb43951265ba29d4c246ef0ff59c9fdcdf0ed04e0687de4d/pyyaml-6.0.3-cp314-cp314-win_amd64.whl", hash = "sha256:4a2e8cebe2ff6ab7d1050ecd59c25d4c8bd7e6f400f5f82b96557ac0abafd0ac", size = 156429, upload-time = "2025-09-25T21:32:57.844Z" },
    { url = "https://files.pythonhosted.org/packages/f4/f4/a4541072bb9422c8a883ab55255f918fa378ecf083f5b85e87fc2b4eda1b/pyyaml-6.0.3-cp314-cp314-win_arm64.whl", hash = "sha256:93dda82c9c22deb0a405ea4dc5f2d0cda384168e466364dec6255b293923b2f3", size = 143912, upload-time = "2025-09-25T21:32:59.247Z" },
    { url = "https://files.pythonhosted.org/packages/7c/f9/07dd09ae774e4616edf6cda684ee78f97777bdd15847253637a6f052a62f/pyyaml-6.0.3-cp314-cp314t-macosx_10_13_x86_64.whl", hash = "sha256:02893d100e99e03eda1c8fd5c441d8c60103fd175728e23e431db1b589cf5ab3", size = 189108, upload-time = "2025-09-25T21:32:44.377Z" },
    { url = "https://files.pythonhosted.org/packages/4e/78/8d08c9fb7ce09ad8c38ad533c1191cf27f7ae1effe5bb9400a46d9437fcf/pyyaml-6.0.3-cp314-cp314t-macosx_11_0_arm64.whl", hash = "sha256:c1ff362665ae507275af2853520967820d9124984e0f7466736aea23d8611fba", size = 183641, upload-time = "2025-09-25T21:32:45.407Z" },
    { url = "https://files.pythonhosted.org/packages/7b/5b/3babb19104a46945cf816d047db2788bcaf8c94527a805610b0289a01c6b/pyyaml-6.0.3-cp314-cp314t-manylinux2014_aarch64.manylinux_2_17_aarch64.manylinux_2_28_aarch64.whl", hash = "sha256:6adc77889b628398debc7b65c073bcb99c4a0237b248cacaf3fe8a557563ef6c", size = 831901, upload-time = "2025-09-25T21:32:48.83Z" },
    { url = "https://files.pythonhosted.org/packages/8b/cc/dff0684d8dc44da4d22a13f35f073d558c268780ce3c6ba1b87055bb0b87/pyyaml-6.0.3-cp314-cp314t-manylinux2014_s390x.manylinux_2_17_s390x.manylinux_2_28_s390x.whl", hash = "sha256:a80cb027f6b349846a3bf6d73b5e95e782175e52f22108cfa17876aaeff93702", size = 861132, upload-time = "2025-09-25T21:32:50.149Z" },
    { url = "https://files.pythonhosted.org/packages/b1/5e/f77dc6b9036943e285ba76b49e118d9ea929885becb0a29ba8a7c75e29fe/pyyaml-6.0.3-cp314-cp314t-manylinux2014_x86_64.manylinux_2_17_x86_64.manylinux_2_28_x86_64.whl", hash = "sha256:00c4bdeba853cc34e7dd471f16b4114f4162dc03e6b7afcc2128711f0eca823c", size = 839261, upload-time = "2025-09-25T21:32:51.808Z" },
    { url = "https://files.pythonhosted.org/packages/ce/88/a9db1376aa2a228197c58b37302f284b5617f56a5d959fd1763fb1675ce6/pyyaml-6.0.3-cp314-cp314t-musllinux_1_2_aarch64.whl", hash = "sha256:66e1674c3ef6f541c35191caae2d429b967b99e02040f5ba928632d9a7f0f065", size = 805272, upload-time = "2025-09-25T21:32:52.941Z" },
    { url = "https://files.pythonhosted.org/packages/da/92/1446574745d74df0c92e6aa4a7b0b3130706a4142b2d1a5869f2eaa423c6/pyyaml-6.0.3-cp314-cp314t-musllinux_1_2_x86_64.whl", hash = "sha256:16249ee61e95f858e83976573de0f5b2893b3677ba71c9dd36b9cf8be9ac6d65", size = 829923, upload-time = "2025-09-25T21:32:54.537Z" },
    { url = "https://files.pythonhosted.org/packages/f0/7a/1c7270340330e575b92f397352af856a8c06f230aa3e76f86b39d01b416a/pyyaml-6.0.3-cp314-cp314t-win_amd64.whl", hash = "sha256:4ad1906908f2f5ae4e5a8ddfce73c320c2a1429ec52eafd27138b7f1cbe341c9", size = 174062, upload-time = "2025-09-25T21:32:55.767Z" },
    { url = "https://files.pythonhosted.org/packages/f1/12/de94a39c2ef588c7e6455cfbe7343d3b2dc9d6b6b2f40c4c6565744c873d/pyyaml-6.0.3-cp314-cp314t-win_arm64.whl", hash = "sha256:ebc55a14a21cb14062aa4162f906cd962b28e2e9ea38f9b4391244cd8de4ae0b", size = 149341, upload-time = "2025-09-25T21:32:56.828Z" },
]

[[package]]
name = "ty"
version = "0.0.34"
source = { registry = "https://pypi.org/simple" }
sdist = { url = "https://files.pythonhosted.org/packages/c4/69/e24eefe2c35c0fdbdec9b60e162727af669bb76d64d993d982eb67b24c38/ty-0.0.34.tar.gz", hash = "sha256:a6efe66b0f13c03a65e6c72ec9abfe2792e2fd063c74fa67e2c4930e29d661be", size = 5585933, upload-time = "2026-05-01T23:06:46.388Z" }
wheels = [
    { url = "https://files.pythonhosted.org/packages/83/7b/8b85003d6639ef17a97dcbb31f4511cfe78f1c81a964470db100c8c883e7/ty-0.0.34-py3-none-linux_armv6l.whl", hash = "sha256:9ecc3d14f07a95a6ceb88e07f8e62358dbd37325d3d5bd56da7217ff1fef7fb8", size = 11067094, upload-time = "2026-05-01T23:06:21.133Z" },
    { url = "https://files.pythonhosted.org/packages/d7/25/b0098f65b020b015c40567c763fc66fffbec88b2ba6f584bca1e92f05ebb/ty-0.0.34-py3-none-macosx_10_12_x86_64.whl", hash = "sha256:0dccffd8a9d02321cd2dee3249df205e26d62694e741f4eeca36b157fd8b419f", size = 10840909, upload-time = "2026-05-01T23:06:18.409Z" },
    { url = "https://files.pythonhosted.org/packages/e4/55/5e4adcf7d2a1006b844903b27cb81244a9b748d850433a46a6c21776c401/ty-0.0.34-py3-none-macosx_11_0_arm64.whl", hash = "sha256:b0ea47a2998e167ab3b21d2f4b5309a9cf33c297809f6d7e3e753252223174d0", size = 10279378, upload-time = "2026-05-01T23:06:37.962Z" },
    { url = "https://files.pythonhosted.org/packages/4d/91/f537dca0db8fe2558e8ab04d8941d687b384fcc1df5eb9023b2db75ac26c/ty-0.0.34-py3-none-manylinux_2_17_aarch64.manylinux2014_aarch64.whl", hash = "sha256:8b37da00b41a118a459ae56d8947e70651073fb33ebfbceb820e4a10b22d5023", size = 10817423, upload-time = "2026-05-01T23:06:26.247Z" },
    { url = "https://files.pythonhosted.org/packages/2c/c4/55a3ad1da2815af1009bdc1b8c90dc11a364cd314e4b48c5128ba9d38859/ty-0.0.34-py3-none-manylinux_2_17_armv7l.manylinux2014_armv7l.whl", hash = "sha256:81cbbb93c2342fe3de43e625d3a9eb149633e9f485e816ebf6395d08685355d8", size = 10851826, upload-time = "2026-05-01T23:06:24.198Z" },
    { url = "https://files.pythonhosted.org/packages/ce/8c/9c7606af22d73fb43ea4369472d9c66ece11231be73b0efe8e3c61655559/ty-0.0.34-py3-none-manylinux_2_17_i686.manylinux2014_i686.whl", hash = "sha256:4c5b4dea1594a021289e172582df9cde7089dce14b276fc650e7b212b1772e12", size = 11356318, upload-time = "2026-05-01T23:06:51.139Z" },
    { url = "https://files.pythonhosted.org/packages/20/54/bb423f663721ab4138b216425c6b55eaefd3a068243b24d6d8fe988f4e13/ty-0.0.34-py3-none-manylinux_2_17_ppc64le.manylinux2014_ppc64le.whl", hash = "sha256:030fb00aa2d2a5b5ae9d9183d574e0c82dae80566700a7490c43669d8ece40cd", size = 11902968, upload-time = "2026-05-01T23:06:35.82Z" },
    { url = "https://files.pythonhosted.org/packages/b6/22/01122b21ab6b534a2f618c6bbe5f1f7f49fd56f4b2ec8887cd6d40d08fb3/ty-0.0.34-py3-none-manylinux_2_17_s390x.manylinux2014_s390x.whl", hash = "sha256:5ae9555e24e36c63a8218e037a5a63f15579eb6aa94f41017e57cd41d335cfb5", size = 11548860, upload-time = "2026-05-01T23:06:42.155Z" },
    { url = "https://files.pythonhosted.org/packages/d1/50/86008b1392ec64bed1957bbcc7aaa43b466b50dfc91bb131841c21d7c5c3/ty-0.0.34-py3-none-manylinux_2_17_x86_64.manylinux2014_x86_64.whl", hash = "sha256:99eb23df9ed129fc26d1ab00d6f0b8dfe5253b09c2ac6abdb11523fa70d67f10", size = 11457097, upload-time = "2026-05-01T23:06:53.477Z" },
    { url = "https://files.pythonhosted.org/packages/92/3e/4558b2296963ba99c58d8409c57d7db4f3061b656c3613cb21c02c1ef4c2/ty-0.0.34-py3-none-musllinux_1_2_aarch64.whl", hash = "sha256:85de45382016eceae69e104815eb2cfa200787df104002e262a86cbd43ed2c02", size = 10798192, upload-time = "2026-05-01T23:06:40.004Z" },
    { url = "https://files.pythonhosted.org/packages/76/bf/650d24402be2ef678528d60caac1d9477a40fc37e3792ecef07834fd7a4a/ty-0.0.34-py3-none-musllinux_1_2_armv7l.whl", hash = "sha256:14cb575fb8fa5131f5129d100cfe23c1575d23faf5dfc5158432749a3e38c9b5", size = 10890390, upload-time = "2026-05-01T23:06:33.076Z" },
    { url = "https://files.pythonhosted.org/packages/5c/ef/ccd2ca13906079f7935fd7e067661b24233017f57d987d51d6a121d85bb5/ty-0.0.34-py3-none-musllinux_1_2_i686.whl", hash = "sha256:c6fc0b69d8450e6910ba9db34572b959b81329a97ae273c391f70e9fb6c1aade", size = 11031564, upload-time = "2026-05-01T23:06:55.812Z" },
    { url = "https://files.pythonhosted.org/packages/ba/2d/d27b72005b6f43599e3bcabab0d7135ac0c230b7a307bb99f9eea02c1cda/ty-0.0.34-py3-none-musllinux_1_2_x86_64.whl", hash = "sha256:30dfcec2f0fde3993f4f912ed0e057dcbebc8615299f610a4c2ddb7b5a3e1e06", size = 11553430, upload-time = "2026-05-01T23:06:31.096Z" },
    { url = "https://files.pythonhosted.org/packages/a7/12/20812e1ad930b8d4af70eebf19ad23cff6e31efcfa613ef884531fcdbaa1/ty-0.0.34-py3-none-win32.whl", hash = "sha256:97b77ddf007271b812a313a8f0a14929bc5590958433e1fb83ef585676f53342", size = 10436048, upload-time = "2026-05-01T23:06:49.108Z" },
    { url = "https://files.pythonhosted.org/packages/b0/6a/afa095c5987868fbda27c0f731146ac8e3d07b357adfa83daccaee5b1a16/ty-0.0.34-py3-none-win_amd64.whl", hash = "sha256:1f543968accb952705134028d1fda8656882787dbbc667ad4d6c3ba23791d604", size = 11462526, upload-time = "2026-05-01T23:06:28.514Z" },
    { url = "https://files.pythonhosted.org/packages/63/8f/bf041a06260d77662c0605e56dacfe90b786bf824cbe1aed238d15fe5e84/ty-0.0.34-py3-none-win_arm64.whl", hash = "sha256:ea09108cbcb16b6b06d7596312b433bf49681e78d30e4dc7fb3c1b248a95e09a", size = 10846945, upload-time = "2026-05-01T23:06:44.428Z" },
]

[[package]]
name = "typing-extensions"
version = "4.15.0"
source = { registry = "https://pypi.org/simple" }
sdist = { url = "https://files.pythonhosted.org/packages/72/94/1a15dd82efb362ac84269196e94cf00f187f7ed21c242792a923cdb1c61f/typing_extensions-4.15.0.tar.gz", hash = "sha256:0cea48d173cc12fa28ecabc3b837ea3cf6f38c6d1136f85cbaaf598984861466", size = 109391, upload-time = "2025-08-25T13:49:26.313Z" }
wheels = [
    { url = "https://files.pythonhosted.org/packages/18/67/36e9267722cc04a6b9f15c7f3441c2363321a3ea07da7ae0c0707beb2a9c/typing_extensions-4.15.0-py3-none-any.whl", hash = "sha256:f0fa19c6845758ab08074a0cfa8b7aecb71c999ca73d62883bc25cc018c4e548", size = 44614, upload-time = "2025-08-25T13:49:24.86Z" },
]

[[package]]
name = "virtualenv"
version = "21.3.1"
source = { registry = "https://pypi.org/simple" }
dependencies = [
    { name = "distlib" },
    { name = "filelock" },
    { name = "platformdirs" },
    { name = "python-discovery" },
]
sdist = { url = "https://files.pythonhosted.org/packages/ec/0d/915c02c94d207b85580eb09bffab54438a709e7288524094fe781da526c2/virtualenv-21.3.1.tar.gz", hash = "sha256:c2305bc1fddeec40699b8370d13f8d431b0701f00ce895061ce493aeded4426b", size = 7613791, upload-time = "2026-05-05T01:34:31.402Z" }
wheels = [
    { url = "https://files.pythonhosted.org/packages/b1/4f/f71e641e504111a5a74e3a20bc52d01bd86788b22699dd3fee1c63253cf6/virtualenv-21.3.1-py3-none-any.whl", hash = "sha256:d1a71cf58f2f9228fff23a1f6ec15d39785c6b32e03658d104974247145edd35", size = 7594539, upload-time = "2026-05-05T01:34:28.98Z" },
]
